<?xml version="1.0" encoding="utf-8"?>
<Project ToolsVersion="4.0" xmlns="http://schemas.microsoft.com/developer/msbuild/2003">
  <ItemGroup>
    <ClInclude Include="..\libvipsCC\include\vips\VDisplay.h" />
    <ClInclude Include="..\libvipsCC\include\vips\VError.h" />
    <ClInclude Include="..\libvipsCC\include\vips\VImage.h" />
    <ClInclude Include="..\libvipsCC\include\vips\vipsc++.h" />
    <ClInclude Include="..\libvipsCC\include\vips\vipscpp.h" />
    <ClInclude Include="..\libvipsCC\include\vips\VMask.h" />
  </ItemGroup>
  <ItemGroup>
    <ClCompile Include="..\libvipsCC\VDisplay.cc" />
    <ClCompile Include="..\libvipsCC\VError.cc" />
    <ClCompile Include="..\libvipsCC\VImage.cc" />
    <ClCompile Include="..\libvipsCC\vipsc++.cc" />
    <ClCompile Include="..\libvipsCC\VMask.cc" />
  </ItemGroup>
  <ItemGroup>
    <None Include="libvipsCC.def" />
    <None Include="..\libvipsCC\include\vips\vips" />
  </ItemGroup>
</Project>