<?xml version="1.0" encoding="utf-8"?>
<Project ToolsVersion="4.0" xmlns="http://schemas.microsoft.com/developer/msbuild/2003">
  <ItemGroup>
    <None Include="libvips-cpp.def" />
    <None Include="$(vipsSrcPath)cplusplus\include\vips\vips8" />
  </ItemGroup>
  <ItemGroup>
    <ClCompile Include="$(vipsSrcPath)cplusplus\VError.cpp" />
    <ClCompile Include="$(vipsSrcPath)cplusplus\VImage.cpp" />
    <ClCompile Include="$(vipsSrcPath)cplusplus\VInterpolate.cpp" />
    <ClCompile Include="$(vipsSrcPath)cplusplus\vips-operators.cpp" />
    <ClCompile Include="..\srclibvips\cplusplus\VConnection.cpp" />
  </ItemGroup>
  <ItemGroup>
    <ClInclude Include="$(vipsSrcPath)cplusplus\include\vips\vips-operators.h" />
    <ClInclude Include="$(vipsSrcPath)cplusplus\include\vips\VError8.h" />
    <ClInclude Include="$(vipsSrcPath)cplusplus\include\vips\VImage8.h" />
    <ClInclude Include="$(vipsSrcPath)cplusplus\include\vips\VInterpolate8.h" />
    <ClInclude Include="..\srclibvips\cplusplus\include\vips\VConnection8.h" />
  </ItemGroup>
</Project>